
Microsoft Visual Studio Solution File, Format Version 12.00
# Visual Studio Version 17
VisualStudioVersion = 17.8.34330.188
MinimumVisualStudioVersion = 10.0.40219.1
Project("{9A19103F-16F7-4668-BE54-9A1E7A4F7556}") = "06_FinalProject", "06_FinalProject\06_FinalProject.csproj", "{EB81B77D-64EA-43BC-957B-9D1B13FADBCE}"
EndProject
Global
	GlobalSection(SolutionConfigurationPlatforms) = preSolution
		Debug|Any CPU = Debug|Any CPU
		Release|Any CPU = Release|Any CPU
	EndGlobalSection
	GlobalSection(ProjectConfigurationPlatforms) = postSolution
		{EB81B77D-64EA-43BC-957B-9D1B13FADBCE}.Debug|Any CPU.ActiveCfg = Debug|Any CPU
		{EB81B77D-64EA-43BC-957B-9D1B13FADBCE}.Debug|Any CPU.Build.0 = Debug|Any CPU
		{EB81B77D-64EA-43BC-957B-9D1B13FADBCE}.Release|Any CPU.ActiveCfg = Release|Any CPU
		{EB81B77D-64EA-43BC-957B-9D1B13FADBCE}.Release|Any CPU.Build.0 = Release|Any CPU
	EndGlobalSection
	GlobalSection(SolutionProperties) = preSolution
		HideSolutionNode = FALSE
	EndGlobalSection
	GlobalSection(ExtensibilityGlobals) = postSolution
		SolutionGuid = {F2A87441-F8E1-4812-B3D9-EC152EDDD3FC}
	EndGlobalSection
EndGlobal
